
Microsoft Visual Studio Solution File, Format Version 12.00
# Visual Studio Version 17
VisualStudioVersion = 17.0.31903.59
MinimumVisualStudioVersion = 10.0.40219.1
Project("{FAE04EC0-301F-11D3-BF4B-00C04F79EFBC}") = "Therapy.API", "Therapy.API\Therapy.API.csproj", "{52163EA5-CA48-48D2-B920-C185D4E1DF19}"
EndProject
Project("{FAE04EC0-301F-11D3-BF4B-00C04F79EFBC}") = "Therapy.Core", "Therapy.Core\Therapy.Core.csproj", "{97EB31DE-6ABD-4A81-84BA-94C526903088}"
EndProject
Project("{FAE04EC0-301F-11D3-BF4B-00C04F79EFBC}") = "Therapy.Infrastructure", "Therapy.Infrastructure\Therapy.Infrastructure.csproj", "{CA0CE34E-2B38-47A8-B4B5-314AE756EE07}"
EndProject
Project("{FAE04EC0-301F-11D3-BF4B-00C04F79EFBC}") = "Therapy.Domain", "Therapy.Domain\Therapy.Domain.csproj", "{3DA389D8-63F3-464F-BCCE-D0F994C48BF3}"
EndProject
Global
	GlobalSection(SolutionConfigurationPlatforms) = preSolution
		Debug|Any CPU = Debug|Any CPU
		Release|Any CPU = Release|Any CPU
	EndGlobalSection
	GlobalSection(SolutionProperties) = preSolution
		HideSolutionNode = FALSE
	EndGlobalSection
	GlobalSection(ProjectConfigurationPlatforms) = postSolution
		{52163EA5-CA48-48D2-B920-C185D4E1DF19}.Debug|Any CPU.ActiveCfg = Debug|Any CPU
		{52163EA5-CA48-48D2-B920-C185D4E1DF19}.Debug|Any CPU.Build.0 = Debug|Any CPU
		{52163EA5-CA48-48D2-B920-C185D4E1DF19}.Release|Any CPU.ActiveCfg = Release|Any CPU
		{52163EA5-CA48-48D2-B920-C185D4E1DF19}.Release|Any CPU.Build.0 = Release|Any CPU
		{97EB31DE-6ABD-4A81-84BA-94C526903088}.Debug|Any CPU.ActiveCfg = Debug|Any CPU
		{97EB31DE-6ABD-4A81-84BA-94C526903088}.Debug|Any CPU.Build.0 = Debug|Any CPU
		{97EB31DE-6ABD-4A81-84BA-94C526903088}.Release|Any CPU.ActiveCfg = Release|Any CPU
		{97EB31DE-6ABD-4A81-84BA-94C526903088}.Release|Any CPU.Build.0 = Release|Any CPU
		{CA0CE34E-2B38-47A8-B4B5-314AE756EE07}.Debug|Any CPU.ActiveCfg = Debug|Any CPU
		{CA0CE34E-2B38-47A8-B4B5-314AE756EE07}.Debug|Any CPU.Build.0 = Debug|Any CPU
		{CA0CE34E-2B38-47A8-B4B5-314AE756EE07}.Release|Any CPU.ActiveCfg = Release|Any CPU
		{CA0CE34E-2B38-47A8-B4B5-314AE756EE07}.Release|Any CPU.Build.0 = Release|Any CPU
		{3DA389D8-63F3-464F-BCCE-D0F994C48BF3}.Debug|Any CPU.ActiveCfg = Debug|Any CPU
		{3DA389D8-63F3-464F-BCCE-D0F994C48BF3}.Debug|Any CPU.Build.0 = Debug|Any CPU
		{3DA389D8-63F3-464F-BCCE-D0F994C48BF3}.Release|Any CPU.ActiveCfg = Release|Any CPU
		{3DA389D8-63F3-464F-BCCE-D0F994C48BF3}.Release|Any CPU.Build.0 = Release|Any CPU
	EndGlobalSection
EndGlobal
